{
    "name": "bed",
    "version": "1.0.0",
    "lockfileVersion": 3,
    "requires": true,
    "packages": {
        "": {
            "name": "bed",
            "version": "1.0.0",
            "license": "ISC",
            "dependencies": {
                "@hono/node-server": "^1.11.1",
                "hono": "^4.2.8",
                "tsyringe": "^4.8.0",
                "zod": "^3.23.4"
            }
        },
        "node_modules/@hono/node-server": {
            "version": "1.11.1",
            "resolved": "https://registry.npmjs.org/@hono/node-server/-/node-server-1.11.1.tgz",
            "integrity": "sha512-GW1Iomhmm1o4Z+X57xGby8A35Cu9UZLL7pSMdqDBkD99U5cywff8F+8hLk5aBTzNubnsFAvWQ/fZjNwPsEn9lA==",
            "engines": {
                "node": ">=18.14.1"
            }
        },
        "node_modules/hono": {
            "version": "4.2.8",
            "resolved": "https://registry.npmjs.org/hono/-/hono-4.2.8.tgz",
            "integrity": "sha512-re/zNrOWb7Sp9KhojlMEgcgvqsE8Rgk9IcmumqsbKa9ruPT5XuOcx1U+xuNaI4SUnwrPsiTQ72MiodtpJEVfjg==",
            "engines": {
                "node": ">=16.0.0"
            }
        },
        "node_modules/tslib": {
            "version": "1.14.1",
            "resolved": "https://registry.npmjs.org/tslib/-/tslib-1.14.1.tgz",
            "integrity": "sha512-Xni35NKzjgMrwevysHTCArtLDpPvye8zV/0E4EyYn43P7/7qvQwPh9BGkHewbMulVntbigmcT7rdX3BNo9wRJg=="
        },
        "node_modules/tsyringe": {
            "version": "4.8.0",
            "resolved": "https://registry.npmjs.org/tsyringe/-/tsyringe-4.8.0.tgz",
            "integrity": "sha512-YB1FG+axdxADa3ncEtRnQCFq/M0lALGLxSZeVNbTU8NqhOVc51nnv2CISTcvc1kyv6EGPtXVr0v6lWeDxiijOA==",
            "dependencies": {
                "tslib": "^1.9.3"
            },
            "engines": {
                "node": ">= 6.0.0"
            }
        },
        "node_modules/zod": {
            "version": "3.23.4",
            "resolved": "https://registry.npmjs.org/zod/-/zod-3.23.4.tgz",
            "integrity": "sha512-/AtWOKbBgjzEYYQRNfoGKHObgfAZag6qUJX1VbHo2PRBgS+wfWagEY2mizjfyAPcGesrJOcx/wcl0L9WnVrHFw==",
            "funding": {
                "url": "https://github.com/sponsors/colinhacks"
            }
        }
    }
}
